// !$*UTF8*$!
{
	archiveVersion = 1;
	classes = {
	};
	objectVersion = 56;
	objects = {

/* Begin PBXBuildFile section */
		C6083A402CCA8848007BC910 /* EditDeleteReminderPage.swift in Sources */ = {isa = PBXBuildFile; fileRef = C6083A3F2CCA8848007BC910 /* EditDeleteReminderPage.swift */; };
		C61A880D2CC520C200C7FD3A /* HelloWorld_PlantoApp.swift in Sources */ = {isa = PBXBuildFile; fileRef = C61A880C2CC520C200C7FD3A /* HelloWorld_PlantoApp.swift */; };
		C61A88112CC520C300C7FD3A /* Assets.xcassets in Resources */ = {isa = PBXBuildFile; fileRef = C61A88102CC520C300C7FD3A /* Assets.xcassets */; };
		C61A88142CC520C300C7FD3A /* Preview Assets.xcassets in Resources */ = {isa = PBXBuildFile; fileRef = C61A88132CC520C300C7FD3A /* Preview Assets.xcassets */; };
		C61A881E2CC520C300C7FD3A /* HelloWorld_PlantoTests.swift in Sources */ = {isa = PBXBuildFile; fileRef = C61A881D2CC520C300C7FD3A /* HelloWorld_PlantoTests.swift */; };
		C61A88282CC520C300C7FD3A /* HelloWorld_PlantoUITests.swift in Sources */ = {isa = PBXBuildFile; fileRef = C61A88272CC520C300C7FD3A /* HelloWorld_PlantoUITests.swift */; };
		C61A882A2CC520C300C7FD3A /* HelloWorld_PlantoUITestsLaunchTests.swift in Sources */ = {isa = PBXBuildFile; fileRef = C61A88292CC520C300C7FD3A /* HelloWorld_PlantoUITestsLaunchTests.swift */; };
		C63054112CC675FF000D92B9 /* Splash.swift in Sources */ = {isa = PBXBuildFile; fileRef = C63054102CC675FF000D92B9 /* Splash.swift */; };
		C63054132CC67615000D92B9 /* Main.swift in Sources */ = {isa = PBXBuildFile; fileRef = C63054122CC67615000D92B9 /* Main.swift */; };
		C6EA05A42CC7C6C4003F09A4 /* TodayReminderPage.swift in Sources */ = {isa = PBXBuildFile; fileRef = C6EA05A32CC7C6C4003F09A4 /* TodayReminderPage.swift */; };
		C6EA05A62CC7CE6F003F09A4 /* RemindersCompletedPage.swift in Sources */ = {isa = PBXBuildFile; fileRef = C6EA05A52CC7CE6F003F09A4 /* RemindersCompletedPage.swift */; };
		C6EA05DE2CC7EC15003F09A4 /* SetReminderSheet.swift in Sources */ = {isa = PBXBuildFile; fileRef = C6EA05DD2CC7EC15003F09A4 /* SetReminderSheet.swift */; };
/* End PBXBuildFile section */

/* Begin PBXContainerItemProxy section */
		C61A881A2CC520C300C7FD3A /* PBXContainerItemProxy */ = {
			isa = PBXContainerItemProxy;
			containerPortal = C61A88012CC520C200C7FD3A /* Project object */;
			proxyType = 1;
			remoteGlobalIDString = C61A88082CC520C200C7FD3A;
			remoteInfo = HelloWorld_Planto;
		};
		C61A88242CC520C300C7FD3A /* PBXContainerItemProxy */ = {
			isa = PBXContainerItemProxy;
			containerPortal = C61A88012CC520C200C7FD3A /* Project object */;
			proxyType = 1;
			remoteGlobalIDString = C61A88082CC520C200C7FD3A;
			remoteInfo = HelloWorld_Planto;
		};
/* End PBXContainerItemProxy section */

/* Begin PBXFileReference section */
		C6083A3F2CCA8848007BC910 /* EditDeleteReminderPage.swift */ = {isa = PBXFileReference; lastKnownFileType = sourcecode.swift; path = EditDeleteReminderPage.swift; sourceTree = "<group>"; };
		C61A88092CC520C200C7FD3A /* HelloWorld_Planto.app */ = {isa = PBXFileReference; explicitFileType = wrapper.application; includeInIndex = 0; path = HelloWorld_Planto.app; sourceTree = BUILT_PRODUCTS_DIR; };
		C61A880C2CC520C200C7FD3A /* HelloWorld_PlantoApp.swift */ = {isa = PBXFileReference; lastKnownFileType = sourcecode.swift; path = HelloWorld_PlantoApp.swift; sourceTree = "<group>"; };
		C61A88102CC520C300C7FD3A /* Assets.xcassets */ = {isa = PBXFileReference; lastKnownFileType = folder.assetcatalog; path = Assets.xcassets; sourceTree = "<group>"; };
		C61A88132CC520C300C7FD3A /* Preview Assets.xcassets */ = {isa = PBXFileReference; lastKnownFileType = folder.assetcatalog; path = "Preview Assets.xcassets"; sourceTree = "<group>"; };
		C61A88192CC520C300C7FD3A /* HelloWorld_PlantoTests.xctest */ = {isa = PBXFileReference; explicitFileType = wrapper.cfbundle; includeInIndex = 0; path = HelloWorld_PlantoTests.xctest; sourceTree = BUILT_PRODUCTS_DIR; };
		C61A881D2CC520C300C7FD3A /* HelloWorld_PlantoTests.swift */ = {isa = PBXFileReference; lastKnownFileType = sourcecode.swift; path = HelloWorld_PlantoTests.swift; sourceTree = "<group>"; };
		C61A88232CC520C300C7FD3A /* HelloWorld_PlantoUITests.xctest */ = {isa = PBXFileReference; explicitFileType = wrapper.cfbundle; includeInIndex = 0; path = HelloWorld_PlantoUITests.xctest; sourceTree = BUILT_PRODUCTS_DIR; };
		C61A88272CC520C300C7FD3A /* HelloWorld_PlantoUITests.swift */ = {isa = PBXFileReference; lastKnownFileType = sourcecode.swift; path = HelloWorld_PlantoUITests.swift; sourceTree = "<group>"; };
		C61A88292CC520C300C7FD3A /* HelloWorld_PlantoUITestsLaunchTests.swift */ = {isa = PBXFileReference; lastKnownFileType = sourcecode.swift; path = HelloWorld_PlantoUITestsLaunchTests.swift; sourceTree = "<group>"; };
		C63054102CC675FF000D92B9 /* Splash.swift */ = {isa = PBXFileReference; lastKnownFileType = sourcecode.swift; path = Splash.swift; sourceTree = "<group>"; };
		C63054122CC67615000D92B9 /* Main.swift */ = {isa = PBXFileReference; lastKnownFileType = sourcecode.swift; path = Main.swift; sourceTree = "<group>"; };
		C6EA05A32CC7C6C4003F09A4 /* TodayReminderPage.swift */ = {isa = PBXFileReference; lastKnownFileType = sourcecode.swift; path = TodayReminderPage.swift; sourceTree = "<group>"; };
		C6EA05A52CC7CE6F003F09A4 /* RemindersCompletedPage.swift */ = {isa = PBXFileReference; lastKnownFileType = sourcecode.swift; path = RemindersCompletedPage.swift; sourceTree = "<group>"; };
		C6EA05DD2CC7EC15003F09A4 /* SetReminderSheet.swift */ = {isa = PBXFileReference; lastKnownFileType = sourcecode.swift; path = SetReminderSheet.swift; sourceTree = "<group>"; };
/* End PBXFileReference section */

/* Begin PBXFrameworksBuildPhase section */
		C61A88062CC520C200C7FD3A /* Frameworks */ = {
			isa = PBXFrameworksBuildPhase;
			buildActionMask = 2147483647;
			files = (
			);
			runOnlyForDeploymentPostprocessing = 0;
		};
		C61A88162CC520C300C7FD3A /* Frameworks */ = {
			isa = PBXFrameworksBuildPhase;
			buildActionMask = 2147483647;
			files = (
			);
			runOnlyForDeploymentPostprocessing = 0;
		};
		C61A88202CC520C300C7FD3A /* Frameworks */ = {
			isa = PBXFrameworksBuildPhase;
			buildActionMask = 2147483647;
			files = (
			);
			runOnlyForDeploymentPostprocessing = 0;
		};
/* End PBXFrameworksBuildPhase section */

/* Begin PBXGroup section */
		C61A88002CC520C200C7FD3A = {
			isa = PBXGroup;
			children = (
				C61A880B2CC520C200C7FD3A /* HelloWorld_Planto */,
				C61A881C2CC520C300C7FD3A /* HelloWorld_PlantoTests */,
				C61A88262CC520C300C7FD3A /* HelloWorld_PlantoUITests */,
				C61A880A2CC520C200C7FD3A /* Products */,
			);
			sourceTree = "<group>";
		};
		C61A880A2CC520C200C7FD3A /* Products */ = {
			isa = PBXGroup;
			children = (
				C61A88092CC520C200C7FD3A /* HelloWorld_Planto.app */,
				C61A88192CC520C300C7FD3A /* HelloWorld_PlantoTests.xctest */,
				C61A88232CC520C300C7FD3A /* HelloWorld_PlantoUITests.xctest */,
			);
			name = Products;
			sourceTree = "<group>";
		};
		C61A880B2CC520C200C7FD3A /* HelloWorld_Planto */ = {
			isa = PBXGroup;
			children = (
				C61A880C2CC520C200C7FD3A /* HelloWorld_PlantoApp.swift */,
				C61A88102CC520C300C7FD3A /* Assets.xcassets */,
				C61A88122CC520C300C7FD3A /* Preview Content */,
				C63054102CC675FF000D92B9 /* Splash.swift */,
				C63054122CC67615000D92B9 /* Main.swift */,
				C6EA05A32CC7C6C4003F09A4 /* TodayReminderPage.swift */,
				C6EA05A52CC7CE6F003F09A4 /* RemindersCompletedPage.swift */,
				C6EA05DD2CC7EC15003F09A4 /* SetReminderSheet.swift */,
				C6083A3F2CCA8848007BC910 /* EditDeleteReminderPage.swift */,
			);
			path = HelloWorld_Planto;
			sourceTree = "<group>";
		};
		C61A88122CC520C300C7FD3A /* Preview Content */ = {
			isa = PBXGroup;
			children = (
				C61A88132CC520C300C7FD3A /* Preview Assets.xcassets */,
			);
			path = "Preview Content";
			sourceTree = "<group>";
		};
		C61A881C2CC520C300C7FD3A /* HelloWorld_PlantoTests */ = {
			isa = PBXGroup;
			children = (
				C61A881D2CC520C300C7FD3A /* HelloWorld_PlantoTests.swift */,
			);
			path = HelloWorld_PlantoTests;
			sourceTree = "<group>";
		};
		C61A88262CC520C300C7FD3A /* HelloWorld_PlantoUITests */ = {
			isa = PBXGroup;
			children = (
				C61A88272CC520C300C7FD3A /* HelloWorld_PlantoUITests.swift */,
				C61A88292CC520C300C7FD3A /* HelloWorld_PlantoUITestsLaunchTests.swift */,
			);
			path = HelloWorld_PlantoUITests;
			sourceTree = "<group>";
		};
/* End PBXGroup section */

/* Begin PBXNativeTarget section */
		C61A88082CC520C200C7FD3A /* HelloWorld_Planto */ = {
			isa = PBXNativeTarget;
			buildConfigurationList = C61A882D2CC520C300C7FD3A /* Build configuration list for PBXNativeTarget "HelloWorld_Planto" */;
			buildPhases = (
				C61A88052CC520C200C7FD3A /* Sources */,
				C61A88062CC520C200C7FD3A /* Frameworks */,
				C61A88072CC520C200C7FD3A /* Resources */,
			);
			buildRules = (
			);
			dependencies = (
			);
			name = HelloWorld_Planto;
			productName = HelloWorld_Planto;
			productReference = C61A88092CC520C200C7FD3A /* HelloWorld_Planto.app */;
			productType = "com.apple.product-type.application";
		};
		C61A88182CC520C300C7FD3A /* HelloWorld_PlantoTests */ = {
			isa = PBXNativeTarget;
			buildConfigurationList = C61A88302CC520C300C7FD3A /* Build configuration list for PBXNativeTarget "HelloWorld_PlantoTests" */;
			buildPhases = (
				C61A88152CC520C300C7FD3A /* Sources */,
				C61A88162CC520C300C7FD3A /* Frameworks */,
				C61A88172CC520C300C7FD3A /* Resources */,
			);
			buildRules = (
			);
			dependencies = (
				C61A881B2CC520C300C7FD3A /* PBXTargetDependency */,
			);
			name = HelloWorld_PlantoTests;
			productName = HelloWorld_PlantoTests;
			productReference = C61A88192CC520C300C7FD3A /* HelloWorld_PlantoTests.xctest */;
			productType = "com.apple.product-type.bundle.unit-test";
		};
		C61A88222CC520C300C7FD3A /* HelloWorld_PlantoUITests */ = {
			isa = PBXNativeTarget;
			buildConfigurationList = C61A88332CC520C300C7FD3A /* Build configuration list for PBXNativeTarget "HelloWorld_PlantoUITests" */;
			buildPhases = (
				C61A881F2CC520C300C7FD3A /* Sources */,
				C61A88202CC520C300C7FD3A /* Frameworks */,
				C61A88212CC520C300C7FD3A /* Resources */,
			);
			buildRules = (
			);
			dependencies = (
				C61A88252CC520C300C7FD3A /* PBXTargetDependency */,
			);
			name = HelloWorld_PlantoUITests;
			productName = HelloWorld_PlantoUITests;
			productReference = C61A88232CC520C300C7FD3A /* HelloWorld_PlantoUITests.xctest */;
			productType = "com.apple.product-type.bundle.ui-testing";
		};
/* End PBXNativeTarget section */

/* Begin PBXProject section */
		C61A88012CC520C200C7FD3A /* Project object */ = {
			isa = PBXProject;
			attributes = {
				BuildIndependentTargetsInParallel = 1;
				LastSwiftUpdateCheck = 1540;
				LastUpgradeCheck = 1540;
				TargetAttributes = {
					C61A88082CC520C200C7FD3A = {
						CreatedOnToolsVersion = 15.4;
					};
					C61A88182CC520C300C7FD3A = {
						CreatedOnToolsVersion = 15.4;
						TestTargetID = C61A88082CC520C200C7FD3A;
					};
					C61A88222CC520C300C7FD3A = {
						CreatedOnToolsVersion = 15.4;
						TestTargetID = C61A88082CC520C200C7FD3A;
					};
				};
			};
			buildConfigurationList = C61A88042CC520C200C7FD3A /* Build configuration list for PBXProject "HelloWorld_Planto" */;
			compatibilityVersion = "Xcode 14.0";
			developmentRegion = en;
			hasScannedForEncodings = 0;
			knownRegions = (
				en,
				Base,
			);
			mainGroup = C61A88002CC520C200C7FD3A;
			productRefGroup = C61A880A2CC520C200C7FD3A /* Products */;
			projectDirPath = "";
			projectRoot = "";
			targets = (
				C61A88082CC520C200C7FD3A /* HelloWorld_Planto */,
				C61A88182CC520C300C7FD3A /* HelloWorld_PlantoTests */,
				C61A88222CC520C300C7FD3A /* HelloWorld_PlantoUITests */,
			);
		};
/* End PBXProject section */

/* Begin PBXResourcesBuildPhase section */
		C61A88072CC520C200C7FD3A /* Resources */ = {
			isa = PBXResourcesBuildPhase;
			buildActionMask = 2147483647;
			files = (
				C61A88142CC520C300C7FD3A /* Preview Assets.xcassets in Resources */,
				C61A88112CC520C300C7FD3A /* Assets.xcassets in Resources */,
			);
			runOnlyForDeploymentPostprocessing = 0;
		};
		C61A88172CC520C300C7FD3A /* Resources */ = {
			isa = PBXResourcesBuildPhase;
			buildActionMask = 2147483647;
			files = (
			);
			runOnlyForDeploymentPostprocessing = 0;
		};
		C61A88212CC520C300C7FD3A /* Resources */ = {
			isa = PBXResourcesBuildPhase;
			buildActionMask = 2147483647;
			files = (
			);
			runOnlyForDeploymentPostprocessing = 0;
		};
/* End PBXResourcesBuildPhase section */

/* Begin PBXSourcesBuildPhase section */
		C61A88052CC520C200C7FD3A /* Sources */ = {
			isa = PBXSourcesBuildPhase;
			buildActionMask = 2147483647;
			files = (
				C63054112CC675FF000D92B9 /* Splash.swift in Sources */,
				C63054132CC67615000D92B9 /* Main.swift in Sources */,
				C6EA05A42CC7C6C4003F09A4 /* TodayReminderPage.swift in Sources */,
				C6EA05A62CC7CE6F003F09A4 /* RemindersCompletedPage.swift in Sources */,
				C6083A402CCA8848007BC910 /* EditDeleteReminderPage.swift in Sources */,
				C6EA05DE2CC7EC15003F09A4 /* SetReminderSheet.swift in Sources */,
				C61A880D2CC520C200C7FD3A /* HelloWorld_PlantoApp.swift in Sources */,
			);
			runOnlyForDeploymentPostprocessing = 0;
		};
		C61A88152CC520C300C7FD3A /* Sources */ = {
			isa = PBXSourcesBuildPhase;
			buildActionMask = 2147483647;
			files = (
				C61A881E2CC520C300C7FD3A /* HelloWorld_PlantoTests.swift in Sources */,
			);
			runOnlyForDeploymentPostprocessing = 0;
		};
		C61A881F2CC520C300C7FD3A /* Sources */ = {
			isa = PBXSourcesBuildPhase;
			buildActionMask = 2147483647;
			files = (
				C61A882A2CC520C300C7FD3A /* HelloWorld_PlantoUITestsLaunchTests.swift in Sources */,
				C61A88282CC520C300C7FD3A /* HelloWorld_PlantoUITests.swift in Sources */,
			);
			runOnlyForDeploymentPostprocessing = 0;
		};
/* End PBXSourcesBuildPhase section */

/* Begin PBXTargetDependency section */
		C61A881B2CC520C300C7FD3A /* PBXTargetDependency */ = {
			isa = PBXTargetDependency;
			target = C61A88082CC520C200C7FD3A /* HelloWorld_Planto */;
			targetProxy = C61A881A2CC520C300C7FD3A /* PBXContainerItemProxy */;
		};
		C61A88252CC520C300C7FD3A /* PBXTargetDependency */ = {
			isa = PBXTargetDependency;
			target = C61A88082CC520C200C7FD3A /* HelloWorld_Planto */;
			targetProxy = C61A88242CC520C300C7FD3A /* PBXContainerItemProxy */;
		};
/* End PBXTargetDependency section */

/* Begin XCBuildConfiguration section */
		C61A882B2CC520C300C7FD3A /* Debug */ = {
			isa = XCBuildConfiguration;
			buildSettings = {
				ALWAYS_SEARCH_USER_PATHS = NO;
				ASSETCATALOG_COMPILER_GENERATE_SWIFT_ASSET_SYMBOL_EXTENSIONS = YES;
				CLANG_ANALYZER_NONNULL = YES;
				CLANG_ANALYZER_NUMBER_OBJECT_CONVERSION = YES_AGGRESSIVE;
				CLANG_CXX_LANGUAGE_STANDARD = "gnu++20";
				CLANG_ENABLE_MODULES = YES;
				CLANG_ENABLE_OBJC_ARC = YES;
				CLANG_ENABLE_OBJC_WEAK = YES;
				CLANG_WARN_BLOCK_CAPTURE_AUTORELEASING = YES;
				CLANG_WARN_BOOL_CONVERSION = YES;
				CLANG_WARN_COMMA = YES;
				CLANG_WARN_CONSTANT_CONVERSION = YES;
				CLANG_WARN_DEPRECATED_OBJC_IMPLEMENTATIONS = YES;
				CLANG_WARN_DIRECT_OBJC_ISA_USAGE = YES_ERROR;
				CLANG_WARN_DOCUMENTATION_COMMENTS = YES;
				CLANG_WARN_EMPTY_BODY = YES;
				CLANG_WARN_ENUM_CONVERSION = YES;
				CLANG_WARN_INFINITE_RECURSION = YES;
				CLANG_WARN_INT_CONVERSION = YES;
				CLANG_WARN_NON_LITERAL_NULL_CONVERSION = YES;
				CLANG_WARN_OBJC_IMPLICIT_RETAIN_SELF = YES;
				CLANG_WARN_OBJC_LITERAL_CONVERSION = YES;
				CLANG_WARN_OBJC_ROOT_CLASS = YES_ERROR;
				CLANG_WARN_QUOTED_INCLUDE_IN_FRAMEWORK_HEADER = YES;
				CLANG_WARN_RANGE_LOOP_ANALYSIS = YES;
				CLANG_WARN_STRICT_PROTOTYPES = YES;
				CLANG_WARN_SUSPICIOUS_MOVE = YES;
				CLANG_WARN_UNGUARDED_AVAILABILITY = YES_AGGRESSIVE;
				CLANG_WARN_UNREACHABLE_CODE = YES;
				CLANG_WARN__DUPLICATE_METHOD_MATCH = YES;
				COPY_PHASE_STRIP = NO;
				DEBUG_INFORMATION_FORMAT = dwarf;
				ENABLE_STRICT_OBJC_MSGSEND = YES;
				ENABLE_TESTABILITY = YES;
				ENABLE_USER_SCRIPT_SANDBOXING = YES;
				GCC_C_LANGUAGE_STANDARD = gnu17;
				GCC_DYNAMIC_NO_PIC = NO;
				GCC_NO_COMMON_BLOCKS = YES;
				GCC_OPTIMIZATION_LEVEL = 0;
				GCC_PREPROCESSOR_DEFINITIONS = (
					"DEBUG=1",
					"$(inherited)",
				);
				GCC_WARN_64_TO_32_BIT_CONVERSION = YES;
				GCC_WARN_ABOUT_RETURN_TYPE = YES_ERROR;
				GCC_WARN_UNDECLARED_SELECTOR = YES;
				GCC_WARN_UNINITIALIZED_AUTOS = YES_AGGRESSIVE;
				GCC_WARN_UNUSED_FUNCTION = YES;
				GCC_WARN_UNUSED_VARIABLE = YES;
				IPHONEOS_DEPLOYMENT_TARGET = 17.5;
				LOCALIZATION_PREFERS_STRING_CATALOGS = YES;
				MTL_ENABLE_DEBUG_INFO = INCLUDE_SOURCE;
				MTL_FAST_MATH = YES;
				ONLY_ACTIVE_ARCH = YES;
				SDKROOT = iphoneos;
				SWIFT_ACTIVE_COMPILATION_CONDITIONS = "DEBUG $(inherited)";
				SWIFT_OPTIMIZATION_LEVEL = "-Onone";
			};
			name = Debug;
		};
		C61A882C2CC520C300C7FD3A /* Release */ = {
			isa = XCBuildConfiguration;
			buildSettings = {
				ALWAYS_SEARCH_USER_PATHS = NO;
				ASSETCATALOG_COMPILER_GENERATE_SWIFT_ASSET_SYMBOL_EXTENSIONS = YES;
				CLANG_ANALYZER_NONNULL = YES;
				CLANG_ANALYZER_NUMBER_OBJECT_CONVERSION = YES_AGGRESSIVE;
				CLANG_CXX_LANGUAGE_STANDARD = "gnu++20";
				CLANG_ENABLE_MODULES = YES;
				CLANG_ENABLE_OBJC_ARC = YES;
				CLANG_ENABLE_OBJC_WEAK = YES;
				CLANG_WARN_BLOCK_CAPTURE_AUTORELEASING = YES;
				CLANG_WARN_BOOL_CONVERSION = YES;
				CLANG_WARN_COMMA = YES;
				CLANG_WARN_CONSTANT_CONVERSION = YES;
				CLANG_WARN_DEPRECATED_OBJC_IMPLEMENTATIONS = YES;
				CLANG_WARN_DIRECT_OBJC_ISA_USAGE = YES_ERROR;
				CLANG_WARN_DOCUMENTATION_COMMENTS = YES;
				CLANG_WARN_EMPTY_BODY = YES;
				CLANG_WARN_ENUM_CONVERSION = YES;
				CLANG_WARN_INFINITE_RECURSION = YES;
				CLANG_WARN_INT_CONVERSION = YES;
				CLANG_WARN_NON_LITERAL_NULL_CONVERSION = YES;
				CLANG_WARN_OBJC_IMPLICIT_RETAIN_SELF = YES;
				CLANG_WARN_OBJC_LITERAL_CONVERSION = YES;
				CLANG_WARN_OBJC_ROOT_CLASS = YES_ERROR;
				CLANG_WARN_QUOTED_INCLUDE_IN_FRAMEWORK_HEADER = YES;
				CLANG_WARN_RANGE_LOOP_ANALYSIS = YES;
				CLANG_WARN_STRICT_PROTOTYPES = YES;
				CLANG_WARN_SUSPICIOUS_MOVE = YES;
				CLANG_WARN_UNGUARDED_AVAILABILITY = YES_AGGRESSIVE;
				CLANG_WARN_UNREACHABLE_CODE = YES;
				CLANG_WARN__DUPLICATE_METHOD_MATCH = YES;
				COPY_PHASE_STRIP = NO;
				DEBUG_INFORMATION_FORMAT = "dwarf-with-dsym";
				ENABLE_NS_ASSERTIONS = NO;
				ENABLE_STRICT_OBJC_MSGSEND = YES;
				ENABLE_USER_SCRIPT_SANDBOXING = YES;
				GCC_C_LANGUAGE_STANDARD = gnu17;
				GCC_NO_COMMON_BLOCKS = YES;
				GCC_WARN_64_TO_32_BIT_CONVERSION = YES;
				GCC_WARN_ABOUT_RETURN_TYPE = YES_ERROR;
				GCC_WARN_UNDECLARED_SELECTOR = YES;
				GCC_WARN_UNINITIALIZED_AUTOS = YES_AGGRESSIVE;
				GCC_WARN_UNUSED_FUNCTION = YES;
				GCC_WARN_UNUSED_VARIABLE = YES;
				IPHONEOS_DEPLOYMENT_TARGET = 17.5;
				LOCALIZATION_PREFERS_STRING_CATALOGS = YES;
				MTL_ENABLE_DEBUG_INFO = NO;
				MTL_FAST_MATH = YES;
				SDKROOT = iphoneos;
				SWIFT_COMPILATION_MODE = wholemodule;
				VALIDATE_PRODUCT = YES;
			};
			name = Release;
		};
		C61A882E2CC520C300C7FD3A /* Debug */ = {
			isa = XCBuildConfiguration;
			buildSettings = {
				ASSETCATALOG_COMPILER_APPICON_NAME = AppIcon;
				ASSETCATALOG_COMPILER_GLOBAL_ACCENT_COLOR_NAME = AccentColor;
				CODE_SIGN_STYLE = Automatic;
				CURRENT_PROJECT_VERSION = 1;
				DEVELOPMENT_ASSET_PATHS = "\"HelloWorld_Planto/Preview Content\"";
				ENABLE_PREVIEWS = YES;
				GENERATE_INFOPLIST_FILE = YES;
				INFOPLIST_KEY_UIApplicationSceneManifest_Generation = YES;
				INFOPLIST_KEY_UIApplicationSupportsIndirectInputEvents = YES;
				INFOPLIST_KEY_UILaunchScreen_Generation = YES;
				INFOPLIST_KEY_UISupportedInterfaceOrientations_iPad = "UIInterfaceOrientationPortrait UIInterfaceOrientationPortraitUpsideDown UIInterfaceOrientationLandscapeLeft UIInterfaceOrientationLandscapeRight";
				INFOPLIST_KEY_UISupportedInterfaceOrientations_iPhone = "UIInterfaceOrientationPortrait UIInterfaceOrientationLandscapeLeft UIInterfaceOrientationLandscapeRight";
				LD_RUNPATH_SEARCH_PATHS = (
					"$(inherited)",
					"@executable_path/Frameworks",
				);
				MARKETING_VERSION = 1.0;
				PRODUCT_BUNDLE_IDENTIFIER = "w.HelloWorld-Planto";
				PRODUCT_NAME = "$(TARGET_NAME)";
				SWIFT_EMIT_LOC_STRINGS = YES;
				SWIFT_VERSION = 5.0;
				TARGETED_DEVICE_FAMILY = "1,2";
			};
			name = Debug;
		};
		C61A882F2CC520C300C7FD3A /* Release */ = {
			isa = XCBuildConfiguration;
			buildSettings = {
				ASSETCATALOG_COMPILER_APPICON_NAME = AppIcon;
				ASSETCATALOG_COMPILER_GLOBAL_ACCENT_COLOR_NAME = AccentColor;
				CODE_SIGN_STYLE = Automatic;
				CURRENT_PROJECT_VERSION = 1;
				DEVELOPMENT_ASSET_PATHS = "\"HelloWorld_Planto/Preview Content\"";
				ENABLE_PREVIEWS = YES;
				GENERATE_INFOPLIST_FILE = YES;
				INFOPLIST_KEY_UIApplicationSceneManifest_Generation = YES;
				INFOPLIST_KEY_UIApplicationSupportsIndirectInputEvents = YES;
				INFOPLIST_KEY_UILaunchScreen_Generation = YES;
				INFOPLIST_KEY_UISupportedInterfaceOrientations_iPad = "UIInterfaceOrientationPortrait UIInterfaceOrientationPortraitUpsideDown UIInterfaceOrientationLandscapeLeft UIInterfaceOrientationLandscapeRight";
				INFOPLIST_KEY_UISupportedInterfaceOrientations_iPhone = "UIInterfaceOrientationPortrait UIInterfaceOrientationLandscapeLeft UIInterfaceOrientationLandscapeRight";
				LD_RUNPATH_SEARCH_PATHS = (
					"$(inherited)",
					"@executable_path/Frameworks",
				);
				MARKETING_VERSION = 1.0;
				PRODUCT_BUNDLE_IDENTIFIER = "w.HelloWorld-Planto";
				PRODUCT_NAME = "$(TARGET_NAME)";
				SWIFT_EMIT_LOC_STRINGS = YES;
				SWIFT_VERSION = 5.0;
				TARGETED_DEVICE_FAMILY = "1,2";
			};
			name = Release;
		};
		C61A88312CC520C300C7FD3A /* Debug */ = {
			isa = XCBuildConfiguration;
			buildSettings = {
				ALWAYS_EMBED_SWIFT_STANDARD_LIBRARIES = YES;
				BUNDLE_LOADER = "$(TEST_HOST)";
				CODE_SIGN_STYLE = Automatic;
				CURRENT_PROJECT_VERSION = 1;
				GENERATE_INFOPLIST_FILE = YES;
				IPHONEOS_DEPLOYMENT_TARGET = 17.5;
				MARKETING_VERSION = 1.0;
				PRODUCT_BUNDLE_IDENTIFIER = "w.HelloWorld-PlantoTests";
				PRODUCT_NAME = "$(TARGET_NAME)";
				SWIFT_EMIT_LOC_STRINGS = NO;
				SWIFT_VERSION = 5.0;
				TARGETED_DEVICE_FAMILY = "1,2";
				TEST_HOST = "$(BUILT_PRODUCTS_DIR)/HelloWorld_Planto.app/$(BUNDLE_EXECUTABLE_FOLDER_PATH)/HelloWorld_Planto";
			};
			name = Debug;
		};
		C61A88322CC520C300C7FD3A /* Release */ = {
			isa = XCBuildConfiguration;
			buildSettings = {
				ALWAYS_EMBED_SWIFT_STANDARD_LIBRARIES = YES;
				BUNDLE_LOADER = "$(TEST_HOST)";
				CODE_SIGN_STYLE = Automatic;
				CURRENT_PROJECT_VERSION = 1;
				GENERATE_INFOPLIST_FILE = YES;
				IPHONEOS_DEPLOYMENT_TARGET = 17.5;
				MARKETING_VERSION = 1.0;
				PRODUCT_BUNDLE_IDENTIFIER = "w.HelloWorld-PlantoTests";
				PRODUCT_NAME = "$(TARGET_NAME)";
				SWIFT_EMIT_LOC_STRINGS = NO;
				SWIFT_VERSION = 5.0;
				TARGETED_DEVICE_FAMILY = "1,2";
				TEST_HOST = "$(BUILT_PRODUCTS_DIR)/HelloWorld_Planto.app/$(BUNDLE_EXECUTABLE_FOLDER_PATH)/HelloWorld_Planto";
			};
			name = Release;
		};
		C61A88342CC520C300C7FD3A /* Debug */ = {
			isa = XCBuildConfiguration;
			buildSettings = {
				ALWAYS_EMBED_SWIFT_STANDARD_LIBRARIES = YES;
				CODE_SIGN_STYLE = Automatic;
				CURRENT_PROJECT_VERSION = 1;
				GENERATE_INFOPLIST_FILE = YES;
				MARKETING_VERSION = 1.0;
				PRODUCT_BUNDLE_IDENTIFIER = "w.HelloWorld-PlantoUITests";
				PRODUCT_NAME = "$(TARGET_NAME)";
				SWIFT_EMIT_LOC_STRINGS = NO;
				SWIFT_VERSION = 5.0;
				TARGETED_DEVICE_FAMILY = "1,2";
				TEST_TARGET_NAME = HelloWorld_Planto;
			};
			name = Debug;
		};
		C61A88352CC520C300C7FD3A /* Release */ = {
			isa = XCBuildConfiguration;
			buildSettings = {
				ALWAYS_EMBED_SWIFT_STANDARD_LIBRARIES = YES;
				CODE_SIGN_STYLE = Automatic;
				CURRENT_PROJECT_VERSION = 1;
				GENERATE_INFOPLIST_FILE = YES;
				MARKETING_VERSION = 1.0;
				PRODUCT_BUNDLE_IDENTIFIER = "w.HelloWorld-PlantoUITests";
				PRODUCT_NAME = "$(TARGET_NAME)";
				SWIFT_EMIT_LOC_STRINGS = NO;
				SWIFT_VERSION = 5.0;
				TARGETED_DEVICE_FAMILY = "1,2";
				TEST_TARGET_NAME = HelloWorld_Planto;
			};
			name = Release;
		};
/* End XCBuildConfiguration section */

/* Begin XCConfigurationList section */
		C61A88042CC520C200C7FD3A /* Build configuration list for PBXProject "HelloWorld_Planto" */ = {
			isa = XCConfigurationList;
			buildConfigurations = (
				C61A882B2CC520C300C7FD3A /* Debug */,
				C61A882C2CC520C300C7FD3A /* Release */,
			);
			defaultConfigurationIsVisible = 0;
			defaultConfigurationName = Release;
		};
		C61A882D2CC520C300C7FD3A /* Build configuration list for PBXNativeTarget "HelloWorld_Planto" */ = {
			isa = XCConfigurationList;
			buildConfigurations = (
				C61A882E2CC520C300C7FD3A /* Debug */,
				C61A882F2CC520C300C7FD3A /* Release */,
			);
			defaultConfigurationIsVisible = 0;
			defaultConfigurationName = Release;
		};
		C61A88302CC520C300C7FD3A /* Build configuration list for PBXNativeTarget "HelloWorld_PlantoTests" */ = {
			isa = XCConfigurationList;
			buildConfigurations = (
				C61A88312CC520C300C7FD3A /* Debug */,
				C61A88322CC520C300C7FD3A /* Release */,
			);
			defaultConfigurationIsVisible = 0;
			defaultConfigurationName = Release;
		};
		C61A88332CC520C300C7FD3A /* Build configuration list for PBXNativeTarget "HelloWorld_PlantoUITests" */ = {
			isa = XCConfigurationList;
			buildConfigurations = (
				C61A88342CC520C300C7FD3A /* Debug */,
				C61A88352CC520C300C7FD3A /* Release */,
			);
			defaultConfigurationIsVisible = 0;
			defaultConfigurationName = Release;
		};
/* End XCConfigurationList section */
	};
	rootObject = C61A88012CC520C200C7FD3A /* Project object */;
}
